
Microsoft Visual Studio Solution File, Format Version 12.00
# Visual Studio Version 17
VisualStudioVersion = 17.11.35208.52
MinimumVisualStudioVersion = 10.0.40219.1
Project("{FAE04EC0-301F-11D3-BF4B-00C04F79EFBC}") = "ConsoleApp3", "ConsoleApp3.csproj", "{34E9063B-EFAD-494F-8DF9-2107E0EBE30E}"
EndProject
Global
	GlobalSection(SolutionConfigurationPlatforms) = preSolution
		Debug|Any CPU = Debug|Any CPU
		Release|Any CPU = Release|Any CPU
	EndGlobalSection
	GlobalSection(ProjectConfigurationPlatforms) = postSolution
		{34E9063B-EFAD-494F-8DF9-2107E0EBE30E}.Debug|Any CPU.ActiveCfg = Debug|Any CPU
		{34E9063B-EFAD-494F-8DF9-2107E0EBE30E}.Debug|Any CPU.Build.0 = Debug|Any CPU
		{34E9063B-EFAD-494F-8DF9-2107E0EBE30E}.Release|Any CPU.ActiveCfg = Release|Any CPU
		{34E9063B-EFAD-494F-8DF9-2107E0EBE30E}.Release|Any CPU.Build.0 = Release|Any CPU
	EndGlobalSection
	GlobalSection(SolutionProperties) = preSolution
		HideSolutionNode = FALSE
	EndGlobalSection
	GlobalSection(ExtensibilityGlobals) = postSolution
		SolutionGuid = {E5357F0D-66AA-414C-BC89-5007B918F301}
	EndGlobalSection
EndGlobal
